
Microsoft Visual Studio Solution File, Format Version 12.00
# Visual Studio Version 16
VisualStudioVersion = 16.0.29326.143
MinimumVisualStudioVersion = 10.0.40219.1
Project("{FAE04EC0-301F-11D3-BF4B-00C04F79EFBC}") = "VSHelloWorld_170221046", "VSHelloWorld_170221046\VSHelloWorld_170221046.csproj", "{D44858F4-0F7D-4F17-AA93-55AC8384CDA9}"
EndProject
Global
	GlobalSection(SolutionConfigurationPlatforms) = preSolution
		Debug|Any CPU = Debug|Any CPU
		Release|Any CPU = Release|Any CPU
	EndGlobalSection
	GlobalSection(ProjectConfigurationPlatforms) = postSolution
		{D44858F4-0F7D-4F17-AA93-55AC8384CDA9}.Debug|Any CPU.ActiveCfg = Debug|Any CPU
		{D44858F4-0F7D-4F17-AA93-55AC8384CDA9}.Debug|Any CPU.Build.0 = Debug|Any CPU
		{D44858F4-0F7D-4F17-AA93-55AC8384CDA9}.Release|Any CPU.ActiveCfg = Release|Any CPU
		{D44858F4-0F7D-4F17-AA93-55AC8384CDA9}.Release|Any CPU.Build.0 = Release|Any CPU
	EndGlobalSection
	GlobalSection(SolutionProperties) = preSolution
		HideSolutionNode = FALSE
	EndGlobalSection
	GlobalSection(ExtensibilityGlobals) = postSolution
		SolutionGuid = {27689FB8-9DC2-4FAD-B72A-E72DEC37E9CF}
	EndGlobalSection
EndGlobal
